Microsoft Visual Studio Solution File, Format Version 12.00
# Visual Studio Version 17
VisualStudioVersion = 17.5.2.0
MinimumVisualStudioVersion = 10.0.40219.1
Project("{FAE04EC0-301F-11D3-BF4B-00C04F79EFBC}") = "TimedHitMod", "TimedHitMod\TimedHitMod.csproj", "{E0E3BF51-AB2B-98B1-A488-6BB3F83C3E58}"
EndProject
Project("{FAE04EC0-301F-11D3-BF4B-00C04F79EFBC}") = "FishingMod", "Mods\FishingMod\FishingMod.csproj", "{50A6A8F4-C434-4FAB-AF8E-309B3D5144BD}"
EndProject
Project("{FAE04EC0-301F-11D3-BF4B-00C04F79EFBC}") = "PerfectTimingArcaneBarrage", "Mods\PerfectTimingArcaneBarrage\PerfectTimingArcaneBarrage.csproj", "{1B4E7C9D-3F2A-4D6E-8B1C-5A9E2F4D7C3B}"
EndProject
Project("{FAE04EC0-301F-11D3-BF4B-00C04F79EFBC}") = "PerfectTimingSunball", "Mods\PerfectTimingSunball\PerfectTimingSunball.csproj", "{2C5F8D0E-4A3B-4E7F-9C2D-6B0E3A5F8D4C}"
EndProject
Project("{FAE04EC0-301F-11D3-BF4B-00C04F79EFBC}") = "PerfectTimingBlock", "Mods\PerfectTimingBlock\PerfectTimingBlock.csproj", "{3D6A9E1F-5B4C-4F8A-0D3E-7C1F4B6A9E5D}"
EndProject
Project("{FAE04EC0-301F-11D3-BF4B-00C04F79EFBC}") = "PerfectTimingAttack", "Mods\PerfectTimingAttack\PerfectTimingAttack.csproj", "{4E7B0F2A-6C5D-4A9B-1E4F-8D2A5C7B0F6E}"
EndProject
Project("{FAE04EC0-301F-11D3-BF4B-00C04F79EFBC}") = "PerfectTimingMoonrang", "Mods\PerfectTimingMoonrang\PerfectTimingMoonrang.csproj", "{5F8C1A3B-7D6E-4B0C-2F5A-9E3B6D8C1A7F}"
EndProject
Project("{FAE04EC0-301F-11D3-BF4B-00C04F79EFBC}") = "PerfectTimingVenomFlurry", "Mods\PerfectTimingVenomFlurry\PerfectTimingVenomFlurry.csproj", "{6A9D2B4C-8E7F-4C1D-3A6B-0F4C7E9D2B8A}"
EndProject
Project("{FAE04EC0-301F-11D3-BF4B-00C04F79EFBC}") = "SeraiDefaultSkin", "Mods\SeraiDefaultSkin\SeraiDefaultSkin.csproj", "{7B0E3C5D-9F8A-4D2E-4B7C-1A5F0E3B6C9D}"
EndProject
Global
	GlobalSection(SolutionConfigurationPlatforms) = preSolution
		Debug|Any CPU = Debug|Any CPU
		Release|Any CPU = Release|Any CPU
	EndGlobalSection
	GlobalSection(ProjectConfigurationPlatforms) = postSolution
		{E0E3BF51-AB2B-98B1-A488-6BB3F83C3E58}.Debug|Any CPU.ActiveCfg = Debug|Any CPU
		{E0E3BF51-AB2B-98B1-A488-6BB3F83C3E58}.Debug|Any CPU.Build.0 = Debug|Any CPU
		{E0E3BF51-AB2B-98B1-A488-6BB3F83C3E58}.Release|Any CPU.ActiveCfg = Release|Any CPU
		{E0E3BF51-AB2B-98B1-A488-6BB3F83C3E58}.Release|Any CPU.Build.0 = Release|Any CPU
		{50A6A8F4-C434-4FAB-AF8E-309B3D5144BD}.Debug|Any CPU.ActiveCfg = Debug|Any CPU
		{50A6A8F4-C434-4FAB-AF8E-309B3D5144BD}.Debug|Any CPU.Build.0 = Debug|Any CPU
		{50A6A8F4-C434-4FAB-AF8E-309B3D5144BD}.Release|Any CPU.ActiveCfg = Release|Any CPU
		{50A6A8F4-C434-4FAB-AF8E-309B3D5144BD}.Release|Any CPU.Build.0 = Release|Any CPU
		{1B4E7C9D-3F2A-4D6E-8B1C-5A9E2F4D7C3B}.Debug|Any CPU.ActiveCfg = Debug|Any CPU
		{1B4E7C9D-3F2A-4D6E-8B1C-5A9E2F4D7C3B}.Debug|Any CPU.Build.0 = Debug|Any CPU
		{1B4E7C9D-3F2A-4D6E-8B1C-5A9E2F4D7C3B}.Release|Any CPU.ActiveCfg = Release|Any CPU
		{1B4E7C9D-3F2A-4D6E-8B1C-5A9E2F4D7C3B}.Release|Any CPU.Build.0 = Release|Any CPU
		{2C5F8D0E-4A3B-4E7F-9C2D-6B0E3A5F8D4C}.Debug|Any CPU.ActiveCfg = Debug|Any CPU
		{2C5F8D0E-4A3B-4E7F-9C2D-6B0E3A5F8D4C}.Debug|Any CPU.Build.0 = Debug|Any CPU
		{2C5F8D0E-4A3B-4E7F-9C2D-6B0E3A5F8D4C}.Release|Any CPU.ActiveCfg = Release|Any CPU
		{2C5F8D0E-4A3B-4E7F-9C2D-6B0E3A5F8D4C}.Release|Any CPU.Build.0 = Release|Any CPU
		{3D6A9E1F-5B4C-4F8A-0D3E-7C1F4B6A9E5D}.Debug|Any CPU.ActiveCfg = Debug|Any CPU
		{3D6A9E1F-5B4C-4F8A-0D3E-7C1F4B6A9E5D}.Debug|Any CPU.Build.0 = Debug|Any CPU
		{3D6A9E1F-5B4C-4F8A-0D3E-7C1F4B6A9E5D}.Release|Any CPU.ActiveCfg = Release|Any CPU
		{3D6A9E1F-5B4C-4F8A-0D3E-7C1F4B6A9E5D}.Release|Any CPU.Build.0 = Release|Any CPU
		{4E7B0F2A-6C5D-4A9B-1E4F-8D2A5C7B0F6E}.Debug|Any CPU.ActiveCfg = Debug|Any CPU
		{4E7B0F2A-6C5D-4A9B-1E4F-8D2A5C7B0F6E}.Debug|Any CPU.Build.0 = Debug|Any CPU
		{4E7B0F2A-6C5D-4A9B-1E4F-8D2A5C7B0F6E}.Release|Any CPU.ActiveCfg = Release|Any CPU
		{4E7B0F2A-6C5D-4A9B-1E4F-8D2A5C7B0F6E}.Release|Any CPU.Build.0 = Release|Any CPU
		{5F8C1A3B-7D6E-4B0C-2F5A-9E3B6D8C1A7F}.Debug|Any CPU.ActiveCfg = Debug|Any CPU
		{5F8C1A3B-7D6E-4B0C-2F5A-9E3B6D8C1A7F}.Debug|Any CPU.Build.0 = Debug|Any CPU
		{5F8C1A3B-7D6E-4B0C-2F5A-9E3B6D8C1A7F}.Release|Any CPU.ActiveCfg = Release|Any CPU
		{5F8C1A3B-7D6E-4B0C-2F5A-9E3B6D8C1A7F}.Release|Any CPU.Build.0 = Release|Any CPU
		{6A9D2B4C-8E7F-4C1D-3A6B-0F4C7E9D2B8A}.Debug|Any CPU.ActiveCfg = Debug|Any CPU
		{6A9D2B4C-8E7F-4C1D-3A6B-0F4C7E9D2B8A}.Debug|Any CPU.Build.0 = Debug|Any CPU
		{6A9D2B4C-8E7F-4C1D-3A6B-0F4C7E9D2B8A}.Release|Any CPU.ActiveCfg = Release|Any CPU
		{6A9D2B4C-8E7F-4C1D-3A6B-0F4C7E9D2B8A}.Release|Any CPU.Build.0 = Release|Any CPU
		{7B0E3C5D-9F8A-4D2E-4B7C-1A5F0E3B6C9D}.Debug|Any CPU.ActiveCfg = Debug|Any CPU
		{7B0E3C5D-9F8A-4D2E-4B7C-1A5F0E3B6C9D}.Debug|Any CPU.Build.0 = Debug|Any CPU
		{7B0E3C5D-9F8A-4D2E-4B7C-1A5F0E3B6C9D}.Release|Any CPU.ActiveCfg = Release|Any CPU
		{7B0E3C5D-9F8A-4D2E-4B7C-1A5F0E3B6C9D}.Release|Any CPU.Build.0 = Release|Any CPU
	EndGlobalSection
	GlobalSection(SolutionProperties) = preSolution
		HideSolutionNode = FALSE
	EndGlobalSection
	GlobalSection(ExtensibilityGlobals) = postSolution
		SolutionGuid = {A8666541-38CC-44B5-9E5B-0C62817F4E25}
	EndGlobalSection
EndGlobal
